
Microsoft Visual Studio Solution File, Format Version 12.00
# Visual Studio 15
VisualStudioVersion = 15.0.27703.2035
MinimumVisualStudioVersion = 10.0.40219.1
Project("{FAE04EC0-301F-11D3-BF4B-00C04F79EFBC}") = "LastWorkout.Android", "LastWorkout\LastWorkout.Android\LastWorkout.Android.csproj", "{099F27E5-9E75-4B1C-89AD-EAF22BD40216}"
EndProject
Project("{FAE04EC0-301F-11D3-BF4B-00C04F79EFBC}") = "LastWorkout.UWP", "LastWorkout\LastWorkout.UWP\LastWorkout.UWP.csproj", "{246681DC-B206-4E2A-94D9-1065FC767AED}"
EndProject
Project("{9A19103F-16F7-4668-BE54-9A1E7A4F7556}") = "LastWorkout", "LastWorkout\LastWorkout\LastWorkout.csproj", "{3BD21660-83F4-4759-B9BF-026D4EFBAD46}"
EndProject
Global
	GlobalSection(SolutionConfigurationPlatforms) = preSolution
		Ad-Hoc|Any CPU = Ad-Hoc|Any CPU
		Ad-Hoc|ARM = Ad-Hoc|ARM
		Ad-Hoc|iPhone = Ad-Hoc|iPhone
		Ad-Hoc|iPhoneSimulator = Ad-Hoc|iPhoneSimulator
		Ad-Hoc|x64 = Ad-Hoc|x64
		Ad-Hoc|x86 = Ad-Hoc|x86
		AppStore|Any CPU = AppStore|Any CPU
		AppStore|ARM = AppStore|ARM
		AppStore|iPhone = AppStore|iPhone
		AppStore|iPhoneSimulator = AppStore|iPhoneSimulator
		AppStore|x64 = AppStore|x64
		AppStore|x86 = AppStore|x86
		Debug|Any CPU = Debug|Any CPU
		Debug|ARM = Debug|ARM
		Debug|iPhone = Debug|iPhone
		Debug|iPhoneSimulator = Debug|iPhoneSimulator
		Debug|x64 = Debug|x64
		Debug|x86 = Debug|x86
		Release|Any CPU = Release|Any CPU
		Release|ARM = Release|ARM
		Release|iPhone = Release|iPhone
		Release|iPhoneSimulator = Release|iPhoneSimulator
		Release|x64 = Release|x64
		Release|x86 = Release|x86
	EndGlobalSection
	GlobalSection(ProjectConfigurationPlatforms) = postSolution
		{099F27E5-9E75-4B1C-89AD-EAF22BD40216}.Ad-Hoc|Any CPU.ActiveCfg = Release|Any CPU
		{099F27E5-9E75-4B1C-89AD-EAF22BD40216}.Ad-Hoc|Any CPU.Build.0 = Release|Any CPU
		{099F27E5-9E75-4B1C-89AD-EAF22BD40216}.Ad-Hoc|Any CPU.Deploy.0 = Release|Any CPU
		{099F27E5-9E75-4B1C-89AD-EAF22BD40216}.Ad-Hoc|ARM.ActiveCfg = Release|Any CPU
		{099F27E5-9E75-4B1C-89AD-EAF22BD40216}.Ad-Hoc|ARM.Build.0 = Release|Any CPU
		{099F27E5-9E75-4B1C-89AD-EAF22BD40216}.Ad-Hoc|ARM.Deploy.0 = Release|Any CPU
		{099F27E5-9E75-4B1C-89AD-EAF22BD40216}.Ad-Hoc|iPhone.ActiveCfg = Release|Any CPU
		{099F27E5-9E75-4B1C-89AD-EAF22BD40216}.Ad-Hoc|iPhone.Build.0 = Release|Any CPU
		{099F27E5-9E75-4B1C-89AD-EAF22BD40216}.Ad-Hoc|iPhone.Deploy.0 = Release|Any CPU
		{099F27E5-9E75-4B1C-89AD-EAF22BD40216}.Ad-Hoc|iPhoneSimulator.ActiveCfg = Release|Any CPU
		{099F27E5-9E75-4B1C-89AD-EAF22BD40216}.Ad-Hoc|iPhoneSimulator.Build.0 = Release|Any CPU
		{099F27E5-9E75-4B1C-89AD-EAF22BD40216}.Ad-Hoc|iPhoneSimulator.Deploy.0 = Release|Any CPU
		{099F27E5-9E75-4B1C-89AD-EAF22BD40216}.Ad-Hoc|x64.ActiveCfg = Release|Any CPU
		{099F27E5-9E75-4B1C-89AD-EAF22BD40216}.Ad-Hoc|x64.Build.0 = Release|Any CPU
		{099F27E5-9E75-4B1C-89AD-EAF22BD40216}.Ad-Hoc|x64.Deploy.0 = Release|Any CPU
		{099F27E5-9E75-4B1C-89AD-EAF22BD40216}.Ad-Hoc|x86.ActiveCfg = Release|Any CPU
		{099F27E5-9E75-4B1C-89AD-EAF22BD40216}.Ad-Hoc|x86.Build.0 = Release|Any CPU
		{099F27E5-9E75-4B1C-89AD-EAF22BD40216}.Ad-Hoc|x86.Deploy.0 = Release|Any CPU
		{099F27E5-9E75-4B1C-89AD-EAF22BD40216}.AppStore|Any CPU.ActiveCfg = Release|Any CPU
		{099F27E5-9E75-4B1C-89AD-EAF22BD40216}.AppStore|Any CPU.Build.0 = Release|Any CPU
		{099F27E5-9E75-4B1C-89AD-EAF22BD40216}.AppStore|Any CPU.Deploy.0 = Release|Any CPU
		{099F27E5-9E75-4B1C-89AD-EAF22BD40216}.AppStore|ARM.ActiveCfg = Release|Any CPU
		{099F27E5-9E75-4B1C-89AD-EAF22BD40216}.AppStore|ARM.Build.0 = Release|Any CPU
		{099F27E5-9E75-4B1C-89AD-EAF22BD40216}.AppStore|ARM.Deploy.0 = Release|Any CPU
		{099F27E5-9E75-4B1C-89AD-EAF22BD40216}.AppStore|iPhone.ActiveCfg = Release|Any CPU
		{099F27E5-9E75-4B1C-89AD-EAF22BD40216}.AppStore|iPhone.Build.0 = Release|Any CPU
		{099F27E5-9E75-4B1C-89AD-EAF22BD40216}.AppStore|iPhone.Deploy.0 = Release|Any CPU
		{099F27E5-9E75-4B1C-89AD-EAF22BD40216}.AppStore|iPhoneSimulator.ActiveCfg = Release|Any CPU
		{099F27E5-9E75-4B1C-89AD-EAF22BD40216}.AppStore|iPhoneSimulator.Build.0 = Release|Any CPU
		{099F27E5-9E75-4B1C-89AD-EAF22BD40216}.AppStore|iPhoneSimulator.Deploy.0 = Release|Any CPU
		{099F27E5-9E75-4B1C-89AD-EAF22BD40216}.AppStore|x64.ActiveCfg = Release|Any CPU
		{099F27E5-9E75-4B1C-89AD-EAF22BD40216}.AppStore|x64.Build.0 = Release|Any CPU
		{099F27E5-9E75-4B1C-89AD-EAF22BD40216}.AppStore|x64.Deploy.0 = Release|Any CPU
		{099F27E5-9E75-4B1C-89AD-EAF22BD40216}.AppStore|x86.ActiveCfg = Release|Any CPU
		{099F27E5-9E75-4B1C-89AD-EAF22BD40216}.AppStore|x86.Build.0 = Release|Any CPU
		{099F27E5-9E75-4B1C-89AD-EAF22BD40216}.AppStore|x86.Deploy.0 = Release|Any CPU
		{099F27E5-9E75-4B1C-89AD-EAF22BD40216}.Debug|Any CPU.ActiveCfg = Debug|Any CPU
		{099F27E5-9E75-4B1C-89AD-EAF22BD40216}.Debug|Any CPU.Build.0 = Debug|Any CPU
		{099F27E5-9E75-4B1C-89AD-EAF22BD40216}.Debug|Any CPU.Deploy.0 = Debug|Any CPU
		{099F27E5-9E75-4B1C-89AD-EAF22BD40216}.Debug|ARM.ActiveCfg = Debug|Any CPU
		{099F27E5-9E75-4B1C-89AD-EAF22BD40216}.Debug|ARM.Build.0 = Debug|Any CPU
		{099F27E5-9E75-4B1C-89AD-EAF22BD40216}.Debug|ARM.Deploy.0 = Debug|Any CPU
		{099F27E5-9E75-4B1C-89AD-EAF22BD40216}.Debug|iPhone.ActiveCfg = Debug|Any CPU
		{099F27E5-9E75-4B1C-89AD-EAF22BD40216}.Debug|iPhone.Build.0 = Debug|Any CPU
		{099F27E5-9E75-4B1C-89AD-EAF22BD40216}.Debug|iPhone.Deploy.0 = Debug|Any CPU
		{099F27E5-9E75-4B1C-89AD-EAF22BD40216}.Debug|iPhoneSimulator.ActiveCfg = Debug|Any CPU
		{099F27E5-9E75-4B1C-89AD-EAF22BD40216}.Debug|iPhoneSimulator.Build.0 = Debug|Any CPU
		{099F27E5-9E75-4B1C-89AD-EAF22BD40216}.Debug|iPhoneSimulator.Deploy.0 = Debug|Any CPU
		{099F27E5-9E75-4B1C-89AD-EAF22BD40216}.Debug|x64.ActiveCfg = Debug|Any CPU
		{099F27E5-9E75-4B1C-89AD-EAF22BD40216}.Debug|x64.Build.0 = Debug|Any CPU
		{099F27E5-9E75-4B1C-89AD-EAF22BD40216}.Debug|x64.Deploy.0 = Debug|Any CPU
		{099F27E5-9E75-4B1C-89AD-EAF22BD40216}.Debug|x86.ActiveCfg = Debug|Any CPU
		{099F27E5-9E75-4B1C-89AD-EAF22BD40216}.Debug|x86.Build.0 = Debug|Any CPU
		{099F27E5-9E75-4B1C-89AD-EAF22BD40216}.Debug|x86.Deploy.0 = Debug|Any CPU
		{099F27E5-9E75-4B1C-89AD-EAF22BD40216}.Release|Any CPU.ActiveCfg = Release|Any CPU
		{099F27E5-9E75-4B1C-89AD-EAF22BD40216}.Release|Any CPU.Build.0 = Release|Any CPU
		{099F27E5-9E75-4B1C-89AD-EAF22BD40216}.Release|Any CPU.Deploy.0 = Release|Any CPU
		{099F27E5-9E75-4B1C-89AD-EAF22BD40216}.Release|ARM.ActiveCfg = Release|Any CPU
		{099F27E5-9E75-4B1C-89AD-EAF22BD40216}.Release|ARM.Build.0 = Release|Any CPU
		{099F27E5-9E75-4B1C-89AD-EAF22BD40216}.Release|ARM.Deploy.0 = Release|Any CPU
		{099F27E5-9E75-4B1C-89AD-EAF22BD40216}.Release|iPhone.ActiveCfg = Release|Any CPU
		{099F27E5-9E75-4B1C-89AD-EAF22BD40216}.Release|iPhone.Build.0 = Release|Any CPU
		{099F27E5-9E75-4B1C-89AD-EAF22BD40216}.Release|iPhone.Deploy.0 = Release|Any CPU
		{099F27E5-9E75-4B1C-89AD-EAF22BD40216}.Release|iPhoneSimulator.ActiveCfg = Release|Any CPU
		{099F27E5-9E75-4B1C-89AD-EAF22BD40216}.Release|iPhoneSimulator.Build.0 = Release|Any CPU
		{099F27E5-9E75-4B1C-89AD-EAF22BD40216}.Release|iPhoneSimulator.Deploy.0 = Release|Any CPU
		{099F27E5-9E75-4B1C-89AD-EAF22BD40216}.Release|x64.ActiveCfg = Release|Any CPU
		{099F27E5-9E75-4B1C-89AD-EAF22BD40216}.Release|x64.Build.0 = Release|Any CPU
		{099F27E5-9E75-4B1C-89AD-EAF22BD40216}.Release|x64.Deploy.0 = Release|Any CPU
		{099F27E5-9E75-4B1C-89AD-EAF22BD40216}.Release|x86.ActiveCfg = Release|Any CPU
		{099F27E5-9E75-4B1C-89AD-EAF22BD40216}.Release|x86.Build.0 = Release|Any CPU
		{099F27E5-9E75-4B1C-89AD-EAF22BD40216}.Release|x86.Deploy.0 = Release|Any CPU
		{246681DC-B206-4E2A-94D9-1065FC767AED}.Ad-Hoc|Any CPU.ActiveCfg = Release|x86
		{246681DC-B206-4E2A-94D9-1065FC767AED}.Ad-Hoc|Any CPU.Build.0 = Release|x86
		{246681DC-B206-4E2A-94D9-1065FC767AED}.Ad-Hoc|Any CPU.Deploy.0 = Release|x86
		{246681DC-B206-4E2A-94D9-1065FC767AED}.Ad-Hoc|ARM.ActiveCfg = Release|ARM
		{246681DC-B206-4E2A-94D9-1065FC767AED}.Ad-Hoc|ARM.Build.0 = Release|ARM
		{246681DC-B206-4E2A-94D9-1065FC767AED}.Ad-Hoc|ARM.Deploy.0 = Release|ARM
		{246681DC-B206-4E2A-94D9-1065FC767AED}.Ad-Hoc|iPhone.ActiveCfg = Release|x86
		{246681DC-B206-4E2A-94D9-1065FC767AED}.Ad-Hoc|iPhone.Build.0 = Release|x86
		{246681DC-B206-4E2A-94D9-1065FC767AED}.Ad-Hoc|iPhone.Deploy.0 = Release|x86
		{246681DC-B206-4E2A-94D9-1065FC767AED}.Ad-Hoc|iPhoneSimulator.ActiveCfg = Release|x86
		{246681DC-B206-4E2A-94D9-1065FC767AED}.Ad-Hoc|iPhoneSimulator.Build.0 = Release|x86
		{246681DC-B206-4E2A-94D9-1065FC767AED}.Ad-Hoc|iPhoneSimulator.Deploy.0 = Release|x86
		{246681DC-B206-4E2A-94D9-1065FC767AED}.Ad-Hoc|x64.ActiveCfg = Release|x64
		{246681DC-B206-4E2A-94D9-1065FC767AED}.Ad-Hoc|x64.Build.0 = Release|x64
		{246681DC-B206-4E2A-94D9-1065FC767AED}.Ad-Hoc|x64.Deploy.0 = Release|x64
		{246681DC-B206-4E2A-94D9-1065FC767AED}.Ad-Hoc|x86.ActiveCfg = Release|x86
		{246681DC-B206-4E2A-94D9-1065FC767AED}.Ad-Hoc|x86.Build.0 = Release|x86
		{246681DC-B206-4E2A-94D9-1065FC767AED}.Ad-Hoc|x86.Deploy.0 = Release|x86
		{246681DC-B206-4E2A-94D9-1065FC767AED}.AppStore|Any CPU.ActiveCfg = Release|x86
		{246681DC-B206-4E2A-94D9-1065FC767AED}.AppStore|Any CPU.Build.0 = Release|x86
		{246681DC-B206-4E2A-94D9-1065FC767AED}.AppStore|Any CPU.Deploy.0 = Release|x86
		{246681DC-B206-4E2A-94D9-1065FC767AED}.AppStore|ARM.ActiveCfg = Release|ARM
		{246681DC-B206-4E2A-94D9-1065FC767AED}.AppStore|ARM.Build.0 = Release|ARM
		{246681DC-B206-4E2A-94D9-1065FC767AED}.AppStore|ARM.Deploy.0 = Release|ARM
		{246681DC-B206-4E2A-94D9-1065FC767AED}.AppStore|iPhone.ActiveCfg = Release|x86
		{246681DC-B206-4E2A-94D9-1065FC767AED}.AppStore|iPhone.Build.0 = Release|x86
		{246681DC-B206-4E2A-94D9-1065FC767AED}.AppStore|iPhone.Deploy.0 = Release|x86
		{246681DC-B206-4E2A-94D9-1065FC767AED}.AppStore|iPhoneSimulator.ActiveCfg = Release|x86
		{246681DC-B206-4E2A-94D9-1065FC767AED}.AppStore|iPhoneSimulator.Build.0 = Release|x86
		{246681DC-B206-4E2A-94D9-1065FC767AED}.AppStore|iPhoneSimulator.Deploy.0 = Release|x86
		{246681DC-B206-4E2A-94D9-1065FC767AED}.AppStore|x64.ActiveCfg = Release|x64
		{246681DC-B206-4E2A-94D9-1065FC767AED}.AppStore|x64.Build.0 = Release|x64
		{246681DC-B206-4E2A-94D9-1065FC767AED}.AppStore|x64.Deploy.0 = Release|x64
		{246681DC-B206-4E2A-94D9-1065FC767AED}.AppStore|x86.ActiveCfg = Release|x86
		{246681DC-B206-4E2A-94D9-1065FC767AED}.AppStore|x86.Build.0 = Release|x86
		{246681DC-B206-4E2A-94D9-1065FC767AED}.AppStore|x86.Deploy.0 = Release|x86
		{246681DC-B206-4E2A-94D9-1065FC767AED}.Debug|Any CPU.ActiveCfg = Debug|x86
		{246681DC-B206-4E2A-94D9-1065FC767AED}.Debug|Any CPU.Build.0 = Debug|x86
		{246681DC-B206-4E2A-94D9-1065FC767AED}.Debug|Any CPU.Deploy.0 = Debug|x86
		{246681DC-B206-4E2A-94D9-1065FC767AED}.Debug|ARM.ActiveCfg = Debug|ARM
		{246681DC-B206-4E2A-94D9-1065FC767AED}.Debug|ARM.Build.0 = Debug|ARM
		{246681DC-B206-4E2A-94D9-1065FC767AED}.Debug|ARM.Deploy.0 = Debug|ARM
		{246681DC-B206-4E2A-94D9-1065FC767AED}.Debug|iPhone.ActiveCfg = Debug|x86
		{246681DC-B206-4E2A-94D9-1065FC767AED}.Debug|iPhone.Build.0 = Debug|x86
		{246681DC-B206-4E2A-94D9-1065FC767AED}.Debug|iPhone.Deploy.0 = Debug|x86
		{246681DC-B206-4E2A-94D9-1065FC767AED}.Debug|iPhoneSimulator.ActiveCfg = Debug|x86
		{246681DC-B206-4E2A-94D9-1065FC767AED}.Debug|iPhoneSimulator.Build.0 = Debug|x86
		{246681DC-B206-4E2A-94D9-1065FC767AED}.Debug|iPhoneSimulator.Deploy.0 = Debug|x86
		{246681DC-B206-4E2A-94D9-1065FC767AED}.Debug|x64.ActiveCfg = Debug|x64
		{246681DC-B206-4E2A-94D9-1065FC767AED}.Debug|x64.Build.0 = Debug|x64
		{246681DC-B206-4E2A-94D9-1065FC767AED}.Debug|x64.Deploy.0 = Debug|x64
		{246681DC-B206-4E2A-94D9-1065FC767AED}.Debug|x86.ActiveCfg = Debug|x86
		{246681DC-B206-4E2A-94D9-1065FC767AED}.Debug|x86.Build.0 = Debug|x86
		{246681DC-B206-4E2A-94D9-1065FC767AED}.Debug|x86.Deploy.0 = Debug|x86
		{246681DC-B206-4E2A-94D9-1065FC767AED}.Release|Any CPU.ActiveCfg = Release|x86
		{246681DC-B206-4E2A-94D9-1065FC767AED}.Release|Any CPU.Build.0 = Release|x86
		{246681DC-B206-4E2A-94D9-1065FC767AED}.Release|Any CPU.Deploy.0 = Release|x86
		{246681DC-B206-4E2A-94D9-1065FC767AED}.Release|ARM.ActiveCfg = Release|ARM
		{246681DC-B206-4E2A-94D9-1065FC767AED}.Release|ARM.Build.0 = Release|ARM
		{246681DC-B206-4E2A-94D9-1065FC767AED}.Release|ARM.Deploy.0 = Release|ARM
		{246681DC-B206-4E2A-94D9-1065FC767AED}.Release|iPhone.ActiveCfg = Release|x86
		{246681DC-B206-4E2A-94D9-1065FC767AED}.Release|iPhone.Build.0 = Release|x86
		{246681DC-B206-4E2A-94D9-1065FC767AED}.Release|iPhone.Deploy.0 = Release|x86
		{246681DC-B206-4E2A-94D9-1065FC767AED}.Release|iPhoneSimulator.ActiveCfg = Release|x86
		{246681DC-B206-4E2A-94D9-1065FC767AED}.Release|iPhoneSimulator.Build.0 = Release|x86
		{246681DC-B206-4E2A-94D9-1065FC767AED}.Release|iPhoneSimulator.Deploy.0 = Release|x86
		{246681DC-B206-4E2A-94D9-1065FC767AED}.Release|x64.ActiveCfg = Release|x64
		{246681DC-B206-4E2A-94D9-1065FC767AED}.Release|x64.Build.0 = Release|x64
		{246681DC-B206-4E2A-94D9-1065FC767AED}.Release|x64.Deploy.0 = Release|x64
		{246681DC-B206-4E2A-94D9-1065FC767AED}.Release|x86.ActiveCfg = Release|x86
		{246681DC-B206-4E2A-94D9-1065FC767AED}.Release|x86.Build.0 = Release|x86
		{246681DC-B206-4E2A-94D9-1065FC767AED}.Release|x86.Deploy.0 = Release|x86
		{3BD21660-83F4-4759-B9BF-026D4EFBAD46}.Ad-Hoc|Any CPU.ActiveCfg = Debug|Any CPU
		{3BD21660-83F4-4759-B9BF-026D4EFBAD46}.Ad-Hoc|Any CPU.Build.0 = Debug|Any CPU
		{3BD21660-83F4-4759-B9BF-026D4EFBAD46}.Ad-Hoc|Any CPU.Deploy.0 = Debug|Any CPU
		{3BD21660-83F4-4759-B9BF-026D4EFBAD46}.Ad-Hoc|ARM.ActiveCfg = Debug|Any CPU
		{3BD21660-83F4-4759-B9BF-026D4EFBAD46}.Ad-Hoc|ARM.Build.0 = Debug|Any CPU
		{3BD21660-83F4-4759-B9BF-026D4EFBAD46}.Ad-Hoc|ARM.Deploy.0 = Debug|Any CPU
		{3BD21660-83F4-4759-B9BF-026D4EFBAD46}.Ad-Hoc|iPhone.ActiveCfg = Debug|Any CPU
		{3BD21660-83F4-4759-B9BF-026D4EFBAD46}.Ad-Hoc|iPhone.Build.0 = Debug|Any CPU
		{3BD21660-83F4-4759-B9BF-026D4EFBAD46}.Ad-Hoc|iPhone.Deploy.0 = Debug|Any CPU
		{3BD21660-83F4-4759-B9BF-026D4EFBAD46}.Ad-Hoc|iPhoneSimulator.ActiveCfg = Debug|Any CPU
		{3BD21660-83F4-4759-B9BF-026D4EFBAD46}.Ad-Hoc|iPhoneSimulator.Build.0 = Debug|Any CPU
		{3BD21660-83F4-4759-B9BF-026D4EFBAD46}.Ad-Hoc|iPhoneSimulator.Deploy.0 = Debug|Any CPU
		{3BD21660-83F4-4759-B9BF-026D4EFBAD46}.Ad-Hoc|x64.ActiveCfg = Debug|Any CPU
		{3BD21660-83F4-4759-B9BF-026D4EFBAD46}.Ad-Hoc|x64.Build.0 = Debug|Any CPU
		{3BD21660-83F4-4759-B9BF-026D4EFBAD46}.Ad-Hoc|x64.Deploy.0 = Debug|Any CPU
		{3BD21660-83F4-4759-B9BF-026D4EFBAD46}.Ad-Hoc|x86.ActiveCfg = Debug|Any CPU
		{3BD21660-83F4-4759-B9BF-026D4EFBAD46}.Ad-Hoc|x86.Build.0 = Debug|Any CPU
		{3BD21660-83F4-4759-B9BF-026D4EFBAD46}.Ad-Hoc|x86.Deploy.0 = Debug|Any CPU
		{3BD21660-83F4-4759-B9BF-026D4EFBAD46}.AppStore|Any CPU.ActiveCfg = Debug|Any CPU
		{3BD21660-83F4-4759-B9BF-026D4EFBAD46}.AppStore|Any CPU.Build.0 = Debug|Any CPU
		{3BD21660-83F4-4759-B9BF-026D4EFBAD46}.AppStore|Any CPU.Deploy.0 = Debug|Any CPU
		{3BD21660-83F4-4759-B9BF-026D4EFBAD46}.AppStore|ARM.ActiveCfg = Debug|Any CPU
		{3BD21660-83F4-4759-B9BF-026D4EFBAD46}.AppStore|ARM.Build.0 = Debug|Any CPU
		{3BD21660-83F4-4759-B9BF-026D4EFBAD46}.AppStore|ARM.Deploy.0 = Debug|Any CPU
		{3BD21660-83F4-4759-B9BF-026D4EFBAD46}.AppStore|iPhone.ActiveCfg = Debug|Any CPU
		{3BD21660-83F4-4759-B9BF-026D4EFBAD46}.AppStore|iPhone.Build.0 = Debug|Any CPU
		{3BD21660-83F4-4759-B9BF-026D4EFBAD46}.AppStore|iPhone.Deploy.0 = Debug|Any CPU
		{3BD21660-83F4-4759-B9BF-026D4EFBAD46}.AppStore|iPhoneSimulator.ActiveCfg = Debug|Any CPU
		{3BD21660-83F4-4759-B9BF-026D4EFBAD46}.AppStore|iPhoneSimulator.Build.0 = Debug|Any CPU
		{3BD21660-83F4-4759-B9BF-026D4EFBAD46}.AppStore|iPhoneSimulator.Deploy.0 = Debug|Any CPU
		{3BD21660-83F4-4759-B9BF-026D4EFBAD46}.AppStore|x64.ActiveCfg = Debug|Any CPU
		{3BD21660-83F4-4759-B9BF-026D4EFBAD46}.AppStore|x64.Build.0 = Debug|Any CPU
		{3BD21660-83F4-4759-B9BF-026D4EFBAD46}.AppStore|x64.Deploy.0 = Debug|Any CPU
		{3BD21660-83F4-4759-B9BF-026D4EFBAD46}.AppStore|x86.ActiveCfg = Debug|Any CPU
		{3BD21660-83F4-4759-B9BF-026D4EFBAD46}.AppStore|x86.Build.0 = Debug|Any CPU
		{3BD21660-83F4-4759-B9BF-026D4EFBAD46}.AppStore|x86.Deploy.0 = Debug|Any CPU
		{3BD21660-83F4-4759-B9BF-026D4EFBAD46}.Debug|Any CPU.ActiveCfg = Debug|Any CPU
		{3BD21660-83F4-4759-B9BF-026D4EFBAD46}.Debug|Any CPU.Build.0 = Debug|Any CPU
		{3BD21660-83F4-4759-B9BF-026D4EFBAD46}.Debug|Any CPU.Deploy.0 = Debug|Any CPU
		{3BD21660-83F4-4759-B9BF-026D4EFBAD46}.Debug|ARM.ActiveCfg = Debug|Any CPU
		{3BD21660-83F4-4759-B9BF-026D4EFBAD46}.Debug|ARM.Build.0 = Debug|Any CPU
		{3BD21660-83F4-4759-B9BF-026D4EFBAD46}.Debug|ARM.Deploy.0 = Debug|Any CPU
		{3BD21660-83F4-4759-B9BF-026D4EFBAD46}.Debug|iPhone.ActiveCfg = Debug|Any CPU
		{3BD21660-83F4-4759-B9BF-026D4EFBAD46}.Debug|iPhone.Build.0 = Debug|Any CPU
		{3BD21660-83F4-4759-B9BF-026D4EFBAD46}.Debug|iPhone.Deploy.0 = Debug|Any CPU
		{3BD21660-83F4-4759-B9BF-026D4EFBAD46}.Debug|iPhoneSimulator.ActiveCfg = Debug|Any CPU
		{3BD21660-83F4-4759-B9BF-026D4EFBAD46}.Debug|iPhoneSimulator.Build.0 = Debug|Any CPU
		{3BD21660-83F4-4759-B9BF-026D4EFBAD46}.Debug|iPhoneSimulator.Deploy.0 = Debug|Any CPU
		{3BD21660-83F4-4759-B9BF-026D4EFBAD46}.Debug|x64.ActiveCfg = Debug|Any CPU
		{3BD21660-83F4-4759-B9BF-026D4EFBAD46}.Debug|x64.Build.0 = Debug|Any CPU
		{3BD21660-83F4-4759-B9BF-026D4EFBAD46}.Debug|x64.Deploy.0 = Debug|Any CPU
		{3BD21660-83F4-4759-B9BF-026D4EFBAD46}.Debug|x86.ActiveCfg = Debug|Any CPU
		{3BD21660-83F4-4759-B9BF-026D4EFBAD46}.Debug|x86.Build.0 = Debug|Any CPU
		{3BD21660-83F4-4759-B9BF-026D4EFBAD46}.Debug|x86.Deploy.0 = Debug|Any CPU
		{3BD21660-83F4-4759-B9BF-026D4EFBAD46}.Release|Any CPU.ActiveCfg = Release|Any CPU
		{3BD21660-83F4-4759-B9BF-026D4EFBAD46}.Release|Any CPU.Build.0 = Release|Any CPU
		{3BD21660-83F4-4759-B9BF-026D4EFBAD46}.Release|Any CPU.Deploy.0 = Release|Any CPU
		{3BD21660-83F4-4759-B9BF-026D4EFBAD46}.Release|ARM.ActiveCfg = Release|Any CPU
		{3BD21660-83F4-4759-B9BF-026D4EFBAD46}.Release|ARM.Build.0 = Release|Any CPU
		{3BD21660-83F4-4759-B9BF-026D4EFBAD46}.Release|ARM.Deploy.0 = Release|Any CPU
		{3BD21660-83F4-4759-B9BF-026D4EFBAD46}.Release|iPhone.ActiveCfg = Release|Any CPU
		{3BD21660-83F4-4759-B9BF-026D4EFBAD46}.Release|iPhone.Build.0 = Release|Any CPU
		{3BD21660-83F4-4759-B9BF-026D4EFBAD46}.Release|iPhone.Deploy.0 = Release|Any CPU
		{3BD21660-83F4-4759-B9BF-026D4EFBAD46}.Release|iPhoneSimulator.ActiveCfg = Release|Any CPU
		{3BD21660-83F4-4759-B9BF-026D4EFBAD46}.Release|iPhoneSimulator.Build.0 = Release|Any CPU
		{3BD21660-83F4-4759-B9BF-026D4EFBAD46}.Release|iPhoneSimulator.Deploy.0 = Release|Any CPU
		{3BD21660-83F4-4759-B9BF-026D4EFBAD46}.Release|x64.ActiveCfg = Release|Any CPU
		{3BD21660-83F4-4759-B9BF-026D4EFBAD46}.Release|x64.Build.0 = Release|Any CPU
		{3BD21660-83F4-4759-B9BF-026D4EFBAD46}.Release|x64.Deploy.0 = Release|Any CPU
		{3BD21660-83F4-4759-B9BF-026D4EFBAD46}.Release|x86.ActiveCfg = Release|Any CPU
		{3BD21660-83F4-4759-B9BF-026D4EFBAD46}.Release|x86.Build.0 = Release|Any CPU
		{3BD21660-83F4-4759-B9BF-026D4EFBAD46}.Release|x86.Deploy.0 = Release|Any CPU
	EndGlobalSection
	GlobalSection(SolutionProperties) = preSolution
		HideSolutionNode = FALSE
	EndGlobalSection
	GlobalSection(ExtensibilityGlobals) = postSolution
		SolutionGuid = {B316550F-5355-43C4-B25C-0D8EE25F5C80}
	EndGlobalSection
EndGlobal
